
Microsoft Visual Studio Solution File, Format Version 12.00
# Visual Studio Version 17
VisualStudioVersion = 17.11.35327.3
MinimumVisualStudioVersion = 10.0.40219.1
Project("{FAE04EC0-301F-11D3-BF4B-00C04F79EFBC}") = "Ftec.ProjetosWeb.Social", "Ftec.ProjetosWeb.Social\Ftec.ProjetosWeb.Social.csproj", "{89CE6554-F037-466C-937C-260C5C19ACA6}"
EndProject
Global
	GlobalSection(SolutionConfigurationPlatforms) = preSolution
		Debug|Any CPU = Debug|Any CPU
		Release|Any CPU = Release|Any CPU
	EndGlobalSection
	GlobalSection(ProjectConfigurationPlatforms) = postSolution
		{89CE6554-F037-466C-937C-260C5C19ACA6}.Debug|Any CPU.ActiveCfg = Debug|Any CPU
		{89CE6554-F037-466C-937C-260C5C19ACA6}.Debug|Any CPU.Build.0 = Debug|Any CPU
		{89CE6554-F037-466C-937C-260C5C19ACA6}.Release|Any CPU.ActiveCfg = Release|Any CPU
		{89CE6554-F037-466C-937C-260C5C19ACA6}.Release|Any CPU.Build.0 = Release|Any CPU
	EndGlobalSection
	GlobalSection(SolutionProperties) = preSolution
		HideSolutionNode = FALSE
	EndGlobalSection
	GlobalSection(ExtensibilityGlobals) = postSolution
		SolutionGuid = {8652E516-B4BC-44B7-8D70-2957B4B6FCE6}
	EndGlobalSection
EndGlobal
